
Microsoft Visual Studio Solution File, Format Version 12.00
# Visual Studio 15
VisualStudioVersion = 15.0.26730.1
MinimumVisualStudioVersion = 10.0.40219.1
Project("{FAE04EC0-301F-11D3-BF4B-00C04F79EFBC}") = "Extensibility.TemplatePack", "Extensibility.TemplatePack\Extensibility.TemplatePack.csproj", "{07D7F295-F0CD-462B-AAB3-339D60A2772B}"
EndProject
Global
	GlobalSection(SolutionConfigurationPlatforms) = preSolution
		Debug|Any CPU = Debug|Any CPU
		Release|Any CPU = Release|Any CPU
	EndGlobalSection
	GlobalSection(ProjectConfigurationPlatforms) = postSolution
		{07D7F295-F0CD-462B-AAB3-339D60A2772B}.Debug|Any CPU.ActiveCfg = Debug|Any CPU
		{07D7F295-F0CD-462B-AAB3-339D60A2772B}.Debug|Any CPU.Build.0 = Debug|Any CPU
		{07D7F295-F0CD-462B-AAB3-339D60A2772B}.Release|Any CPU.ActiveCfg = Release|Any CPU
		{07D7F295-F0CD-462B-AAB3-339D60A2772B}.Release|Any CPU.Build.0 = Release|Any CPU
	EndGlobalSection
	GlobalSection(SolutionProperties) = preSolution
		HideSolutionNode = FALSE
	EndGlobalSection
	GlobalSection(ExtensibilityGlobals) = postSolution
		SolutionGuid = {6A65FFED-8E1E-45B0-BBCC-7CC32EBF8CEC}
	EndGlobalSection
EndGlobal
